// !$*UTF8*$!
{
	archiveVersion = 1;
	classes = {
	};
	objectVersion = 46;
	objects = {

/* Begin PBXBuildFile section */
		6A04B1961D6F8C5C000AFDC2 /* AppDelegate.swift in Sources */ = {isa = PBXBuildFile; fileRef = 6A04B1951D6F8C5C000AFDC2 /* AppDelegate.swift */; };
		6A04B1981D6F8C5C000AFDC2 /* ViewController.swift in Sources */ = {isa = PBXBuildFile; fileRef = 6A04B1971D6F8C5C000AFDC2 /* ViewController.swift */; };
		6A04B19B1D6F8C5C000AFDC2 /* Main.storyboard in Resources */ = {isa = PBXBuildFile; fileRef = 6A04B1991D6F8C5C000AFDC2 /* Main.storyboard */; };
		6A04B19D1D6F8C5C000AFDC2 /* Assets.xcassets in Resources */ = {isa = PBXBuildFile; fileRef = 6A04B19C1D6F8C5C000AFDC2 /* Assets.xcassets */; };
		6A04B1A01D6F8C5C000AFDC2 /* LaunchScreen.storyboard in Resources */ = {isa = PBXBuildFile; fileRef = 6A04B19E1D6F8C5C000AFDC2 /* LaunchScreen.storyboard */; };
/* End PBXBuildFile section */

/* Begin PBXFileReference section */
		6A04B1921D6F8C5C000AFDC2 /* ProjForSam.app */ = {isa = PBXFileReference; explicitFileType = wrapper.application; includeInIndex = 0; path = ProjForSam.app; sourceTree = BUILT_PRODUCTS_DIR; };
		6A04B1951D6F8C5C000AFDC2 /* AppDelegate.swift */ = {isa = PBXFileReference; lastKnownFileType = sourcecode.swift; path = AppDelegate.swift; sourceTree = "<group>"; };
		6A04B1971D6F8C5C000AFDC2 /* ViewController.swift */ = {isa = PBXFileReference; lastKnownFileType = sourcecode.swift; path = ViewController.swift; sourceTree = "<group>"; };
		6A04B19A1D6F8C5C000AFDC2 /* Base */ = {isa = PBXFileReference; lastKnownFileType = file.storyboard; name = Base; path = Base.lproj/Main.storyboard; sourceTree = "<group>"; };
		6A04B19C1D6F8C5C000AFDC2 /* Assets.xcassets */ = {isa = PBXFileReference; lastKnownFileType = folder.assetcatalog; path = Assets.xcassets; sourceTree = "<group>"; };
		6A04B19F1D6F8C5C000AFDC2 /* Base */ = {isa = PBXFileReference; lastKnownFileType = file.storyboard; name = Base; path = Base.lproj/LaunchScreen.storyboard; sourceTree = "<group>"; };
		6A04B1A11D6F8C5C000AFDC2 /* Info.plist */ = {isa = PBXFileReference; lastKnownFileType = text.plist.xml; path = Info.plist; sourceTree = "<group>"; };
/* End PBXFileReference section */

/* Begin PBXFrameworksBuildPhase section */
		6A04B18F1D6F8C5C000AFDC2 /* Frameworks */ = {
			isa = PBXFrameworksBuildPhase;
			buildActionMask = 2147483647;
			files = (
			);
			runOnlyForDeploymentPostprocessing = 0;
		};
/* End PBXFrameworksBuildPhase section */

/* Begin PBXGroup section */
		6A04B1891D6F8C5C000AFDC2 = {
			isa = PBXGroup;
			children = (
				6A04B1941D6F8C5C000AFDC2 /* ProjForSam */,
				6A04B1931D6F8C5C000AFDC2 /* Products */,
			);
			sourceTree = "<group>";
		};
		6A04B1931D6F8C5C000AFDC2 /* Products */ = {
			isa = PBXGroup;
			children = (
				6A04B1921D6F8C5C000AFDC2 /* ProjForSam.app */,
			);
			name = Products;
			sourceTree = "<group>";
		};
		6A04B1941D6F8C5C000AFDC2 /* ProjForSam */ = {
			isa = PBXGroup;
			children = (
				6A04B1951D6F8C5C000AFDC2 /* AppDelegate.swift */,
				6A04B1971D6F8C5C000AFDC2 /* ViewController.swift */,
				6A04B1991D6F8C5C000AFDC2 /* Main.storyboard */,
				6A04B19C1D6F8C5C000AFDC2 /* Assets.xcassets */,
				6A04B19E1D6F8C5C000AFDC2 /* LaunchScreen.storyboard */,
				6A04B1A11D6F8C5C000AFDC2 /* Info.plist */,
			);
			path = ProjForSam;
			sourceTree = "<group>";
		};
/* End PBXGroup section */

/* Begin PBXNativeTarget section */
		6A04B1911D6F8C5C000AFDC2 /* ProjForSam */ = {
			isa = PBXNativeTarget;
			buildConfigurationList = 6A04B1A41D6F8C5C000AFDC2 /* Build configuration list for PBXNativeTarget "ProjForSam" */;
			buildPhases = (
				6A04B18E1D6F8C5C000AFDC2 /* Sources */,
				6A04B18F1D6F8C5C000AFDC2 /* Frameworks */,
				6A04B1901D6F8C5C000AFDC2 /* Resources */,
			);
			buildRules = (
			);
			dependencies = (
			);
			name = ProjForSam;
			productName = ProjForSam;
			productReference = 6A04B1921D6F8C5C000AFDC2 /* ProjForSam.app */;
			productType = "com.apple.product-type.application";
		};
/* End PBXNativeTarget section */

/* Begin PBXProject section */
		6A04B18A1D6F8C5C000AFDC2 /* Project object */ = {
			isa = PBXProject;
			attributes = {
				LastSwiftUpdateCheck = 0730;
				LastUpgradeCheck = 0730;
				ORGANIZATIONNAME = "Soo Rin Park";
				TargetAttributes = {
					6A04B1911D6F8C5C000AFDC2 = {
						CreatedOnToolsVersion = 7.3.1;
						DevelopmentTeam = GJ6V736FLW;
					};
				};
			};
			buildConfigurationList = 6A04B18D1D6F8C5C000AFDC2 /* Build configuration list for PBXProject "ProjForSam" */;
			compatibilityVersion = "Xcode 3.2";
			developmentRegion = English;
			hasScannedForEncodings = 0;
			knownRegions = (
				en,
				Base,
			);
			mainGroup = 6A04B1891D6F8C5C000AFDC2;
			productRefGroup = 6A04B1931D6F8C5C000AFDC2 /* Products */;
			projectDirPath = "";
			projectRoot = "";
			targets = (
				6A04B1911D6F8C5C000AFDC2 /* ProjForSam */,
			);
		};
/* End PBXProject section */

/* Begin PBXResourcesBuildPhase section */
		6A04B1901D6F8C5C000AFDC2 /* Resources */ = {
			isa = PBXResourcesBuildPhase;
			buildActionMask = 2147483647;
			files = (
				6A04B1A01D6F8C5C000AFDC2 /* LaunchScreen.storyboard in Resources */,
				6A04B19D1D6F8C5C000AFDC2 /* Assets.xcassets in Resources */,
				6A04B19B1D6F8C5C000AFDC2 /* Main.storyboard in Resources */,
			);
			runOnlyForDeploymentPostprocessing = 0;
		};
/* End PBXResourcesBuildPhase section */

/* Begin PBXSourcesBuildPhase section */
		6A04B18E1D6F8C5C000AFDC2 /* Sources */ = {
			isa = PBXSourcesBuildPhase;
			buildActionMask = 2147483647;
			files = (
				6A04B1981D6F8C5C000AFDC2 /* ViewController.swift in Sources */,
				6A04B1961D6F8C5C000AFDC2 /* AppDelegate.swift in Sources */,
			);
			runOnlyForDeploymentPostprocessing = 0;
		};
/* End PBXSourcesBuildPhase section */

/* Begin PBXVariantGroup section */
		6A04B1991D6F8C5C000AFDC2 /* Main.storyboard */ = {
			isa = PBXVariantGroup;
			children = (
				6A04B19A1D6F8C5C000AFDC2 /* Base */,
			);
			name = Main.storyboard;
			sourceTree = "<group>";
		};
		6A04B19E1D6F8C5C000AFDC2 /* LaunchScreen.storyboard */ = {
			isa = PBXVariantGroup;
			children = (
				6A04B19F1D6F8C5C000AFDC2 /* Base */,
			);
			name = LaunchScreen.storyboard;
			sourceTree = "<group>";
		};
/* End PBXVariantGroup section */

/* Begin XCBuildConfiguration section */
		6A04B1A21D6F8C5C000AFDC2 /* Debug */ = {
			isa = XCBuildConfiguration;
			buildSettings = {
				ALWAYS_SEARCH_USER_PATHS = NO;
				CLANG_ANALYZER_NONNULL = YES;
				CLANG_CXX_LANGUAGE_STANDARD = "gnu++0x";
				CLANG_CXX_LIBRARY = "libc++";
				CLANG_ENABLE_MODULES = YES;
				CLANG_ENABLE_OBJC_ARC = YES;
				CLANG_WARN_BOOL_CONVERSION = YES;
				CLANG_WARN_CONSTANT_CONVERSION = YES;
				CLANG_WARN_DIRECT_OBJC_ISA_USAGE = YES_ERROR;
				CLANG_WARN_EMPTY_BODY = YES;
				CLANG_WARN_ENUM_CONVERSION = YES;
				CLANG_WARN_INT_CONVERSION = YES;
				CLANG_WARN_OBJC_ROOT_CLASS = YES_ERROR;
				CLANG_WARN_UNREACHABLE_CODE = YES;
				CLANG_WARN__DUPLICATE_METHOD_MATCH = YES;
				"CODE_SIGN_IDENTITY[sdk=iphoneos*]" = "iPhone Developer";
				COPY_PHASE_STRIP = NO;
				DEBUG_INFORMATION_FORMAT = dwarf;
				ENABLE_STRICT_OBJC_MSGSEND = YES;
				ENABLE_TESTABILITY = YES;
				GCC_C_LANGUAGE_STANDARD = gnu99;
				GCC_DYNAMIC_NO_PIC = NO;
				GCC_NO_COMMON_BLOCKS = YES;
				GCC_OPTIMIZATION_LEVEL = 0;
				GCC_PREPROCESSOR_DEFINITIONS = (
					"DEBUG=1",
					"$(inherited)",
				);
				GCC_WARN_64_TO_32_BIT_CONVERSION = YES;
				GCC_WARN_ABOUT_RETURN_TYPE = YES_ERROR;
				GCC_WARN_UNDECLARED_SELECTOR = YES;
				GCC_WARN_UNINITIALIZED_AUTOS = YES_AGGRESSIVE;
				GCC_WARN_UNUSED_FUNCTION = YES;
				GCC_WARN_UNUSED_VARIABLE = YES;
				IPHONEOS_DEPLOYMENT_TARGET = 9.3;
				MTL_ENABLE_DEBUG_INFO = YES;
				ONLY_ACTIVE_ARCH = YES;
				SDKROOT = iphoneos;
				SWIFT_OPTIMIZATION_LEVEL = "-Onone";
			};
			name = Debug;
		};
		6A04B1A31D6F8C5C000AFDC2 /* Release */ = {
			isa = XCBuildConfiguration;
			buildSettings = {
				ALWAYS_SEARCH_USER_PATHS = NO;
				CLANG_ANALYZER_NONNULL = YES;
				CLANG_CXX_LANGUAGE_STANDARD = "gnu++0x";
				CLANG_CXX_LIBRARY = "libc++";
				CLANG_ENABLE_MODULES = YES;
				CLANG_ENABLE_OBJC_ARC = YES;
				CLANG_WARN_BOOL_CONVERSION = YES;
				CLANG_WARN_CONSTANT_CONVERSION = YES;
				CLANG_WARN_DIRECT_OBJC_ISA_USAGE = YES_ERROR;
				CLANG_WARN_EMPTY_BODY = YES;
				CLANG_WARN_ENUM_CONVERSION = YES;
				CLANG_WARN_INT_CONVERSION = YES;
				CLANG_WARN_OBJC_ROOT_CLASS = YES_ERROR;
				CLANG_WARN_UNREACHABLE_CODE = YES;
				CLANG_WARN__DUPLICATE_METHOD_MATCH = YES;
				"CODE_SIGN_IDENTITY[sdk=iphoneos*]" = "iPhone Developer";
				COPY_PHASE_STRIP = NO;
				DEBUG_INFORMATION_FORMAT = "dwarf-with-dsym";
				ENABLE_NS_ASSERTIONS = NO;
				ENABLE_STRICT_OBJC_MSGSEND = YES;
				GCC_C_LANGUAGE_STANDARD = gnu99;
				GCC_NO_COMMON_BLOCKS = YES;
				GCC_WARN_64_TO_32_BIT_CONVERSION = YES;
				GCC_WARN_ABOUT_RETURN_TYPE = YES_ERROR;
				GCC_WARN_UNDECLARED_SELECTOR = YES;
				GCC_WARN_UNINITIALIZED_AUTOS = YES_AGGRESSIVE;
				GCC_WARN_UNUSED_FUNCTION = YES;
				GCC_WARN_UNUSED_VARIABLE = YES;
				IPHONEOS_DEPLOYMENT_TARGET = 9.3;
				MTL_ENABLE_DEBUG_INFO = NO;
				SDKROOT = iphoneos;
				VALIDATE_PRODUCT = YES;
			};
			name = Release;
		};
		6A04B1A51D6F8C5C000AFDC2 /* Debug */ = {
			isa = XCBuildConfiguration;
			buildSettings = {
				ASSETCATALOG_COMPILER_APPICON_NAME = AppIcon;
				INFOPLIST_FILE = ProjForSam/Info.plist;
				LD_RUNPATH_SEARCH_PATHS = "$(inherited) @executable_path/Frameworks";
				PRODUCT_BUNDLE_IDENTIFIER = com.soorinpark.ProjForSam;
				PRODUCT_NAME = "$(TARGET_NAME)";
			};
			name = Debug;
		};
		6A04B1A61D6F8C5C000AFDC2 /* Release */ = {
			isa = XCBuildConfiguration;
			buildSettings = {
				ASSETCATALOG_COMPILER_APPICON_NAME = AppIcon;
				INFOPLIST_FILE = ProjForSam/Info.plist;
				LD_RUNPATH_SEARCH_PATHS = "$(inherited) @executable_path/Frameworks";
				PRODUCT_BUNDLE_IDENTIFIER = com.soorinpark.ProjForSam;
				PRODUCT_NAME = "$(TARGET_NAME)";
			};
			name = Release;
		};
/* End XCBuildConfiguration section */

/* Begin XCConfigurationList section */
		6A04B18D1D6F8C5C000AFDC2 /* Build configuration list for PBXProject "ProjForSam" */ = {
			isa = XCConfigurationList;
			buildConfigurations = (
				6A04B1A21D6F8C5C000AFDC2 /* Debug */,
				6A04B1A31D6F8C5C000AFDC2 /* Release */,
			);
			defaultConfigurationIsVisible = 0;
			defaultConfigurationName = Release;
		};
		6A04B1A41D6F8C5C000AFDC2 /* Build configuration list for PBXNativeTarget "ProjForSam" */ = {
			isa = XCConfigurationList;
			buildConfigurations = (
				6A04B1A51D6F8C5C000AFDC2 /* Debug */,
				6A04B1A61D6F8C5C000AFDC2 /* Release */,
			);
			defaultConfigurationIsVisible = 0;
		};
/* End XCConfigurationList section */
	};
	rootObject = 6A04B18A1D6F8C5C000AFDC2 /* Project object */;
}
